
Microsoft Visual Studio Solution File, Format Version 12.00
# Visual Studio Version 16
VisualStudioVersion = 16.0.30204.135
MinimumVisualStudioVersion = 10.0.40219.1
Project("{9A19103F-16F7-4668-BE54-9A1E7A4F7556}") = "XdtPlayground", "src\XdtPlayground\XdtPlayground.csproj", "{1A6F8C36-00F9-4496-8B99-02244B2A28A6}"
EndProject
Global
	GlobalSection(SolutionConfigurationPlatforms) = preSolution
		Debug|Any CPU = Debug|Any CPU
		Release|Any CPU = Release|Any CPU
	EndGlobalSection
	GlobalSection(ProjectConfigurationPlatforms) = postSolution
		{1A6F8C36-00F9-4496-8B99-02244B2A28A6}.Debug|Any CPU.ActiveCfg = Debug|Any CPU
		{1A6F8C36-00F9-4496-8B99-02244B2A28A6}.Debug|Any CPU.Build.0 = Debug|Any CPU
		{1A6F8C36-00F9-4496-8B99-02244B2A28A6}.Release|Any CPU.ActiveCfg = Release|Any CPU
		{1A6F8C36-00F9-4496-8B99-02244B2A28A6}.Release|Any CPU.Build.0 = Release|Any CPU
	EndGlobalSection
	GlobalSection(SolutionProperties) = preSolution
		HideSolutionNode = FALSE
	EndGlobalSection
	GlobalSection(ExtensibilityGlobals) = postSolution
		SolutionGuid = {97BBFB75-75DE-4669-9A2D-7231DEDCE450}
	EndGlobalSection
EndGlobal
